<?xml version="1.0" encoding="UTF-8" standalone="yes" ?>
<CodeBlocks_project_file>
	<FileVersion major="1" minor="6" />
	<Project>
		<Option title="lab3" />
		<Option pch_mode="2" />
		<Option compiler="gcc" />
		<Build>
			<Target title="Debug">
				<Option output="bin/Debug/lab3" prefix_auto="1" extension_auto="1" />
				<Option object_output="obj/Debug/" />
				<Option type="1" />
				<Option compiler="gcc" />
				<Compiler>
					<Add option="-g" />
				</Compiler>
				<Linker>
					<Add library="glfw" />
				</Linker>
			</Target>
			<Target title="Release">
				<Option output="bin/Release/lab3" prefix_auto="1" extension_auto="1" />
				<Option object_output="obj/Release/" />
				<Option type="1" />
				<Option compiler="gcc" />
				<Compiler>
					<Add option="-O3" />
				</Compiler>
				<Linker>
					<Add option="-s" />
				</Linker>
			</Target>
		</Build>
		<Unit filename="src/ConeEmitter.cpp" />
		<Unit filename="src/ConeEmitter.h" />
		<Unit filename="src/GravityModifier.cpp" />
		<Unit filename="src/GravityModifier.h" />
		<Unit filename="src/Particle.cpp" />
		<Unit filename="src/Particle.h" />
		<Unit filename="src/ParticleEmitter.cpp" />
		<Unit filename="src/ParticleEmitter.h" />
		<Unit filename="src/ParticleModifier.cpp" />
		<Unit filename="src/ParticleModifier.h" />
		<Unit filename="src/ParticleSystem.cpp" />
		<Unit filename="src/ParticleSystem.h" />
		<Unit filename="src/PointEmitter.cpp" />
		<Unit filename="src/PointEmitter.h" />
		<Unit filename="src/Types.h" />
		<Unit filename="src/WindModifier.cpp" />
		<Unit filename="src/WindModifier.h" />
		<Unit filename="src/test.cpp" />
		<Extensions>
			<code_completion />
			<envvars />
			<lib_finder disable_auto="1" />
			<debugger />
		</Extensions>
	</Project>
</CodeBlocks_project_file>
