<?xml version="1.0" encoding="UTF-8" standalone="yes" ?>
<CodeBlocks_project_file>
   <FileVersion major="1" minor="6" />
   <Project>
      <Option title="myexample" />
      <Option makefile_is_custom="1" />
      <Option compiler="gcc" />
      <Option virtualFolders="CMake Files\;" />
      <Build>
      <Target title="all">
         <Option working_dir="/home/alesv019/privat_stuff/Kurser/tnm090/pumlab3/qt" />
         <Option type="4" />
         <MakeCommands>
            <Build command="/usr/bin/make -f &quot;/home/alesv019/privat_stuff/Kurser/tnm090/pumlab3/qt/Makefile&quot;  VERBOSE=1 all" />
            <CompileFile command="/usr/bin/make -f &quot;/home/alesv019/privat_stuff/Kurser/tnm090/pumlab3/qt/Makefile&quot;  VERBOSE=1 &quot;$file&quot;" />
            <Clean command="/usr/bin/make -f &quot;/home/alesv019/privat_stuff/Kurser/tnm090/pumlab3/qt/Makefile&quot;  VERBOSE=1 clean" />
            <DistClean command="/usr/bin/make -f &quot;/home/alesv019/privat_stuff/Kurser/tnm090/pumlab3/qt/Makefile&quot;  VERBOSE=1 clean" />
         </MakeCommands>
      </Target>
      <Target title="edit_cache">
         <Option working_dir="/home/alesv019/privat_stuff/Kurser/tnm090/pumlab3/qt" />
         <Option type="4" />
         <MakeCommands>
            <Build command="/usr/bin/make -f &quot;/home/alesv019/privat_stuff/Kurser/tnm090/pumlab3/qt/Makefile&quot;  VERBOSE=1 edit_cache" />
            <CompileFile command="/usr/bin/make -f &quot;/home/alesv019/privat_stuff/Kurser/tnm090/pumlab3/qt/Makefile&quot;  VERBOSE=1 &quot;$file&quot;" />
            <Clean command="/usr/bin/make -f &quot;/home/alesv019/privat_stuff/Kurser/tnm090/pumlab3/qt/Makefile&quot;  VERBOSE=1 clean" />
            <DistClean command="/usr/bin/make -f &quot;/home/alesv019/privat_stuff/Kurser/tnm090/pumlab3/qt/Makefile&quot;  VERBOSE=1 clean" />
         </MakeCommands>
      </Target>
      <Target title="myexample">
         <Option output="/home/alesv019/privat_stuff/Kurser/tnm090/pumlab3/qt/myexample" prefix_auto="0" extension_auto="0" />
         <Option working_dir="" />
         <Option object_output="./" />
         <Option type="1" />
         <Option compiler="gcc" />
         <Compiler>
            <Add option="-DQT_NO_DEBUG" />
            <Add option="-DQT_OPENGL_LIB" />
            <Add option="-DQT_GUI_LIB" />
            <Add option="-DQT_CORE_LIB" />
            <Add directory="/usr/include" />
            <Add directory="/usr/include/c++/4.6" />
            <Add directory="/usr/include/c++/4.6/backward" />
            <Add directory="/usr/include/c++/4.6/x86_64-linux-gnu/." />
            <Add directory="/usr/include/qt4" />
            <Add directory="/usr/include/qt4/QtCore" />
            <Add directory="/usr/include/qt4/QtGui" />
            <Add directory="/usr/include/qt4/QtOpenGL" />
            <Add directory="/usr/include/x86_64-linux-gnu" />
            <Add directory="/usr/lib/gcc/x86_64-linux-gnu/4.6/include" />
            <Add directory="/usr/lib/gcc/x86_64-linux-gnu/4.6/include-fixed" />
            <Add directory="/usr/local/include" />
         </Compiler>
         <MakeCommands>
            <Build command="/usr/bin/make -f &quot;/home/alesv019/privat_stuff/Kurser/tnm090/pumlab3/qt/Makefile&quot;  VERBOSE=1 myexample" />
            <CompileFile command="/usr/bin/make -f &quot;/home/alesv019/privat_stuff/Kurser/tnm090/pumlab3/qt/Makefile&quot;  VERBOSE=1 &quot;$file&quot;" />
            <Clean command="/usr/bin/make -f &quot;/home/alesv019/privat_stuff/Kurser/tnm090/pumlab3/qt/Makefile&quot;  VERBOSE=1 clean" />
            <DistClean command="/usr/bin/make -f &quot;/home/alesv019/privat_stuff/Kurser/tnm090/pumlab3/qt/Makefile&quot;  VERBOSE=1 clean" />
         </MakeCommands>
      </Target>
      <Target title="myexample/fast">
         <Option output="/home/alesv019/privat_stuff/Kurser/tnm090/pumlab3/qt/myexample" prefix_auto="0" extension_auto="0" />
         <Option working_dir="" />
         <Option object_output="./" />
         <Option type="1" />
         <Option compiler="gcc" />
         <Compiler>
            <Add option="-DQT_NO_DEBUG" />
            <Add option="-DQT_OPENGL_LIB" />
            <Add option="-DQT_GUI_LIB" />
            <Add option="-DQT_CORE_LIB" />
            <Add directory="/usr/include" />
            <Add directory="/usr/include/c++/4.6" />
            <Add directory="/usr/include/c++/4.6/backward" />
            <Add directory="/usr/include/c++/4.6/x86_64-linux-gnu/." />
            <Add directory="/usr/include/qt4" />
            <Add directory="/usr/include/qt4/QtCore" />
            <Add directory="/usr/include/qt4/QtGui" />
            <Add directory="/usr/include/qt4/QtOpenGL" />
            <Add directory="/usr/include/x86_64-linux-gnu" />
            <Add directory="/usr/lib/gcc/x86_64-linux-gnu/4.6/include" />
            <Add directory="/usr/lib/gcc/x86_64-linux-gnu/4.6/include-fixed" />
            <Add directory="/usr/local/include" />
         </Compiler>
         <MakeCommands>
            <Build command="/usr/bin/make -f &quot;/home/alesv019/privat_stuff/Kurser/tnm090/pumlab3/qt/Makefile&quot;  VERBOSE=1 myexample/fast" />
            <CompileFile command="/usr/bin/make -f &quot;/home/alesv019/privat_stuff/Kurser/tnm090/pumlab3/qt/Makefile&quot;  VERBOSE=1 &quot;$file&quot;" />
            <Clean command="/usr/bin/make -f &quot;/home/alesv019/privat_stuff/Kurser/tnm090/pumlab3/qt/Makefile&quot;  VERBOSE=1 clean" />
            <DistClean command="/usr/bin/make -f &quot;/home/alesv019/privat_stuff/Kurser/tnm090/pumlab3/qt/Makefile&quot;  VERBOSE=1 clean" />
         </MakeCommands>
      </Target>
      <Target title="rebuild_cache">
         <Option working_dir="/home/alesv019/privat_stuff/Kurser/tnm090/pumlab3/qt" />
         <Option type="4" />
         <MakeCommands>
            <Build command="/usr/bin/make -f &quot;/home/alesv019/privat_stuff/Kurser/tnm090/pumlab3/qt/Makefile&quot;  VERBOSE=1 rebuild_cache" />
            <CompileFile command="/usr/bin/make -f &quot;/home/alesv019/privat_stuff/Kurser/tnm090/pumlab3/qt/Makefile&quot;  VERBOSE=1 &quot;$file&quot;" />
            <Clean command="/usr/bin/make -f &quot;/home/alesv019/privat_stuff/Kurser/tnm090/pumlab3/qt/Makefile&quot;  VERBOSE=1 clean" />
            <DistClean command="/usr/bin/make -f &quot;/home/alesv019/privat_stuff/Kurser/tnm090/pumlab3/qt/Makefile&quot;  VERBOSE=1 clean" />
         </MakeCommands>
      </Target>
      </Build>
      <Unit filename="/home/robsk789/privat_stuff/TNM090/lab3/qt/ConeEmitter.cpp">
      </Unit>
      <Unit filename="/home/robsk789/privat_stuff/TNM090/lab3/qt/GravityModifier.cpp">
      </Unit>
      <Unit filename="/home/robsk789/privat_stuff/TNM090/lab3/qt/Particle.cpp">
      </Unit>
      <Unit filename="/home/robsk789/privat_stuff/TNM090/lab3/qt/ParticleEmitter.cpp">
      </Unit>
      <Unit filename="/home/robsk789/privat_stuff/TNM090/lab3/qt/ParticleModifier.cpp">
      </Unit>
      <Unit filename="/home/robsk789/privat_stuff/TNM090/lab3/qt/ParticleSystem.cpp">
      </Unit>
      <Unit filename="/home/robsk789/privat_stuff/TNM090/lab3/qt/PointEmitter.cpp">
      </Unit>
      <Unit filename="/home/robsk789/privat_stuff/TNM090/lab3/qt/WindModifier.cpp">
      </Unit>
      <Unit filename="/home/robsk789/privat_stuff/TNM090/lab3/qt/main.cpp">
      </Unit>
      <Unit filename="/home/robsk789/privat_stuff/TNM090/lab3/qt/myexample.cpp">
      </Unit>
      <Unit filename="/home/robsk789/privat_stuff/TNM090/lab3/qt/myopengl.cpp">
      </Unit>
      <Unit filename="/home/robsk789/privat_stuff/TNM090/lab3/qt/ConeEmitter.h">
      </Unit>
      <Unit filename="/home/robsk789/privat_stuff/TNM090/lab3/qt/GravityModifier.h">
      </Unit>
      <Unit filename="/home/robsk789/privat_stuff/TNM090/lab3/qt/Particle.h">
      </Unit>
      <Unit filename="/home/robsk789/privat_stuff/TNM090/lab3/qt/ParticleEmitter.h">
      </Unit>
      <Unit filename="/home/robsk789/privat_stuff/TNM090/lab3/qt/ParticleModifier.h">
      </Unit>
      <Unit filename="/home/robsk789/privat_stuff/TNM090/lab3/qt/ParticleSystem.h">
      </Unit>
      <Unit filename="/home/robsk789/privat_stuff/TNM090/lab3/qt/PointEmitter.h">
      </Unit>
      <Unit filename="/home/robsk789/privat_stuff/TNM090/lab3/qt/Types.h">
      </Unit>
      <Unit filename="/home/robsk789/privat_stuff/TNM090/lab3/qt/WindModifier.h">
      </Unit>
      <Unit filename="/home/robsk789/privat_stuff/TNM090/lab3/qt/myexample.hh">
      </Unit>
      <Unit filename="/home/robsk789/privat_stuff/TNM090/lab3/qt/myexample.ui">
      </Unit>
      <Unit filename="/home/robsk789/privat_stuff/TNM090/lab3/qt/myopengl.hh">
      </Unit>
      <Unit filename="/home/robsk789/privat_stuff/TNM090/lab3/qt/CMakeLists.txt">
          <Option virtualFolder="CMake Files\" />
      </Unit>
   </Project>
</CodeBlocks_project_file>
